
Microsoft Visual Studio Solution File, Format Version 12.00
# Visual Studio Version 16
VisualStudioVersion = 16.0.31727.386
MinimumVisualStudioVersion = 10.0.40219.1
Project("{FAE04EC0-301F-11D3-BF4B-00C04F79EFBC}") = "NecDMS.UWP", "Xamarin-NecDMS\Xamarin-NecDMS.UWP\NecDMS.UWP.csproj", "{FFCA3852-92A7-4B76-B1CC-B85CA4D6364C}"
EndProject
Project("{FAE04EC0-301F-11D3-BF4B-00C04F79EFBC}") = "NecDMS.Android", "Xamarin-NecDMS\Xamarin-NecDMS.Android\NecDMS.Android.csproj", "{7E20DF5A-AD3C-4FF0-AEA1-46A8E385C1BA}"
EndProject
Project("{FAE04EC0-301F-11D3-BF4B-00C04F79EFBC}") = "NecDMS.iOS", "Xamarin-NecDMS\Xamarin-NecDMS.iOS\NecDMS.iOS.csproj", "{6EDC310A-8711-420D-9E10-6895F9B513EE}"
EndProject
Project("{9A19103F-16F7-4668-BE54-9A1E7A4F7556}") = "NecDMS", "Xamarin-NecDMS\Xamarin-NecDMS\NecDMS.csproj", "{D7DE52D7-2773-409F-A1AB-7F0356E1EE91}"
EndProject
Global
	GlobalSection(SolutionConfigurationPlatforms) = preSolution
		Debug|Any CPU = Debug|Any CPU
		Debug|ARM = Debug|ARM
		Debug|iPhone = Debug|iPhone
		Debug|iPhoneSimulator = Debug|iPhoneSimulator
		Debug|x64 = Debug|x64
		Debug|x86 = Debug|x86
		Release|Any CPU = Release|Any CPU
		Release|ARM = Release|ARM
		Release|iPhone = Release|iPhone
		Release|iPhoneSimulator = Release|iPhoneSimulator
		Release|x64 = Release|x64
		Release|x86 = Release|x86
	EndGlobalSection
	GlobalSection(ProjectConfigurationPlatforms) = postSolution
		{FFCA3852-92A7-4B76-B1CC-B85CA4D6364C}.Debug|Any CPU.ActiveCfg = Debug|x86
		{FFCA3852-92A7-4B76-B1CC-B85CA4D6364C}.Debug|Any CPU.Build.0 = Debug|x86
		{FFCA3852-92A7-4B76-B1CC-B85CA4D6364C}.Debug|Any CPU.Deploy.0 = Debug|x86
		{FFCA3852-92A7-4B76-B1CC-B85CA4D6364C}.Debug|ARM.ActiveCfg = Debug|ARM
		{FFCA3852-92A7-4B76-B1CC-B85CA4D6364C}.Debug|ARM.Build.0 = Debug|ARM
		{FFCA3852-92A7-4B76-B1CC-B85CA4D6364C}.Debug|ARM.Deploy.0 = Debug|ARM
		{FFCA3852-92A7-4B76-B1CC-B85CA4D6364C}.Debug|iPhone.ActiveCfg = Debug|x86
		{FFCA3852-92A7-4B76-B1CC-B85CA4D6364C}.Debug|iPhone.Build.0 = Debug|x86
		{FFCA3852-92A7-4B76-B1CC-B85CA4D6364C}.Debug|iPhone.Deploy.0 = Debug|x86
		{FFCA3852-92A7-4B76-B1CC-B85CA4D6364C}.Debug|iPhoneSimulator.ActiveCfg = Debug|x86
		{FFCA3852-92A7-4B76-B1CC-B85CA4D6364C}.Debug|iPhoneSimulator.Build.0 = Debug|x86
		{FFCA3852-92A7-4B76-B1CC-B85CA4D6364C}.Debug|iPhoneSimulator.Deploy.0 = Debug|x86
		{FFCA3852-92A7-4B76-B1CC-B85CA4D6364C}.Debug|x64.ActiveCfg = Debug|x64
		{FFCA3852-92A7-4B76-B1CC-B85CA4D6364C}.Debug|x64.Build.0 = Debug|x64
		{FFCA3852-92A7-4B76-B1CC-B85CA4D6364C}.Debug|x64.Deploy.0 = Debug|x64
		{FFCA3852-92A7-4B76-B1CC-B85CA4D6364C}.Debug|x86.ActiveCfg = Debug|x86
		{FFCA3852-92A7-4B76-B1CC-B85CA4D6364C}.Debug|x86.Build.0 = Debug|x86
		{FFCA3852-92A7-4B76-B1CC-B85CA4D6364C}.Debug|x86.Deploy.0 = Debug|x86
		{FFCA3852-92A7-4B76-B1CC-B85CA4D6364C}.Release|Any CPU.ActiveCfg = Release|x86
		{FFCA3852-92A7-4B76-B1CC-B85CA4D6364C}.Release|Any CPU.Build.0 = Release|x86
		{FFCA3852-92A7-4B76-B1CC-B85CA4D6364C}.Release|Any CPU.Deploy.0 = Release|x86
		{FFCA3852-92A7-4B76-B1CC-B85CA4D6364C}.Release|ARM.ActiveCfg = Release|ARM
		{FFCA3852-92A7-4B76-B1CC-B85CA4D6364C}.Release|ARM.Build.0 = Release|ARM
		{FFCA3852-92A7-4B76-B1CC-B85CA4D6364C}.Release|ARM.Deploy.0 = Release|ARM
		{FFCA3852-92A7-4B76-B1CC-B85CA4D6364C}.Release|iPhone.ActiveCfg = Release|x86
		{FFCA3852-92A7-4B76-B1CC-B85CA4D6364C}.Release|iPhone.Build.0 = Release|x86
		{FFCA3852-92A7-4B76-B1CC-B85CA4D6364C}.Release|iPhone.Deploy.0 = Release|x86
		{FFCA3852-92A7-4B76-B1CC-B85CA4D6364C}.Release|iPhoneSimulator.ActiveCfg = Release|x86
		{FFCA3852-92A7-4B76-B1CC-B85CA4D6364C}.Release|iPhoneSimulator.Build.0 = Release|x86
		{FFCA3852-92A7-4B76-B1CC-B85CA4D6364C}.Release|iPhoneSimulator.Deploy.0 = Release|x86
		{FFCA3852-92A7-4B76-B1CC-B85CA4D6364C}.Release|x64.ActiveCfg = Release|x64
		{FFCA3852-92A7-4B76-B1CC-B85CA4D6364C}.Release|x64.Build.0 = Release|x64
		{FFCA3852-92A7-4B76-B1CC-B85CA4D6364C}.Release|x64.Deploy.0 = Release|x64
		{FFCA3852-92A7-4B76-B1CC-B85CA4D6364C}.Release|x86.ActiveCfg = Release|x86
		{FFCA3852-92A7-4B76-B1CC-B85CA4D6364C}.Release|x86.Build.0 = Release|x86
		{FFCA3852-92A7-4B76-B1CC-B85CA4D6364C}.Release|x86.Deploy.0 = Release|x86
		{7E20DF5A-AD3C-4FF0-AEA1-46A8E385C1BA}.Debug|Any CPU.ActiveCfg = Debug|Any CPU
		{7E20DF5A-AD3C-4FF0-AEA1-46A8E385C1BA}.Debug|Any CPU.Build.0 = Debug|Any CPU
		{7E20DF5A-AD3C-4FF0-AEA1-46A8E385C1BA}.Debug|Any CPU.Deploy.0 = Debug|Any CPU
		{7E20DF5A-AD3C-4FF0-AEA1-46A8E385C1BA}.Debug|ARM.ActiveCfg = Debug|Any CPU
		{7E20DF5A-AD3C-4FF0-AEA1-46A8E385C1BA}.Debug|ARM.Build.0 = Debug|Any CPU
		{7E20DF5A-AD3C-4FF0-AEA1-46A8E385C1BA}.Debug|ARM.Deploy.0 = Debug|Any CPU
		{7E20DF5A-AD3C-4FF0-AEA1-46A8E385C1BA}.Debug|iPhone.ActiveCfg = Debug|Any CPU
		{7E20DF5A-AD3C-4FF0-AEA1-46A8E385C1BA}.Debug|iPhone.Build.0 = Debug|Any CPU
		{7E20DF5A-AD3C-4FF0-AEA1-46A8E385C1BA}.Debug|iPhone.Deploy.0 = Debug|Any CPU
		{7E20DF5A-AD3C-4FF0-AEA1-46A8E385C1BA}.Debug|iPhoneSimulator.ActiveCfg = Debug|Any CPU
		{7E20DF5A-AD3C-4FF0-AEA1-46A8E385C1BA}.Debug|iPhoneSimulator.Build.0 = Debug|Any CPU
		{7E20DF5A-AD3C-4FF0-AEA1-46A8E385C1BA}.Debug|iPhoneSimulator.Deploy.0 = Debug|Any CPU
		{7E20DF5A-AD3C-4FF0-AEA1-46A8E385C1BA}.Debug|x64.ActiveCfg = Debug|Any CPU
		{7E20DF5A-AD3C-4FF0-AEA1-46A8E385C1BA}.Debug|x64.Build.0 = Debug|Any CPU
		{7E20DF5A-AD3C-4FF0-AEA1-46A8E385C1BA}.Debug|x64.Deploy.0 = Debug|Any CPU
		{7E20DF5A-AD3C-4FF0-AEA1-46A8E385C1BA}.Debug|x86.ActiveCfg = Debug|Any CPU
		{7E20DF5A-AD3C-4FF0-AEA1-46A8E385C1BA}.Debug|x86.Build.0 = Debug|Any CPU
		{7E20DF5A-AD3C-4FF0-AEA1-46A8E385C1BA}.Debug|x86.Deploy.0 = Debug|Any CPU
		{7E20DF5A-AD3C-4FF0-AEA1-46A8E385C1BA}.Release|Any CPU.ActiveCfg = Release|Any CPU
		{7E20DF5A-AD3C-4FF0-AEA1-46A8E385C1BA}.Release|Any CPU.Build.0 = Release|Any CPU
		{7E20DF5A-AD3C-4FF0-AEA1-46A8E385C1BA}.Release|Any CPU.Deploy.0 = Release|Any CPU
		{7E20DF5A-AD3C-4FF0-AEA1-46A8E385C1BA}.Release|ARM.ActiveCfg = Release|Any CPU
		{7E20DF5A-AD3C-4FF0-AEA1-46A8E385C1BA}.Release|ARM.Build.0 = Release|Any CPU
		{7E20DF5A-AD3C-4FF0-AEA1-46A8E385C1BA}.Release|ARM.Deploy.0 = Release|Any CPU
		{7E20DF5A-AD3C-4FF0-AEA1-46A8E385C1BA}.Release|iPhone.ActiveCfg = Release|Any CPU
		{7E20DF5A-AD3C-4FF0-AEA1-46A8E385C1BA}.Release|iPhone.Build.0 = Release|Any CPU
		{7E20DF5A-AD3C-4FF0-AEA1-46A8E385C1BA}.Release|iPhone.Deploy.0 = Release|Any CPU
		{7E20DF5A-AD3C-4FF0-AEA1-46A8E385C1BA}.Release|iPhoneSimulator.ActiveCfg = Release|Any CPU
		{7E20DF5A-AD3C-4FF0-AEA1-46A8E385C1BA}.Release|iPhoneSimulator.Build.0 = Release|Any CPU
		{7E20DF5A-AD3C-4FF0-AEA1-46A8E385C1BA}.Release|iPhoneSimulator.Deploy.0 = Release|Any CPU
		{7E20DF5A-AD3C-4FF0-AEA1-46A8E385C1BA}.Release|x64.ActiveCfg = Release|Any CPU
		{7E20DF5A-AD3C-4FF0-AEA1-46A8E385C1BA}.Release|x64.Build.0 = Release|Any CPU
		{7E20DF5A-AD3C-4FF0-AEA1-46A8E385C1BA}.Release|x64.Deploy.0 = Release|Any CPU
		{7E20DF5A-AD3C-4FF0-AEA1-46A8E385C1BA}.Release|x86.ActiveCfg = Release|Any CPU
		{7E20DF5A-AD3C-4FF0-AEA1-46A8E385C1BA}.Release|x86.Build.0 = Release|Any CPU
		{7E20DF5A-AD3C-4FF0-AEA1-46A8E385C1BA}.Release|x86.Deploy.0 = Release|Any CPU
		{6EDC310A-8711-420D-9E10-6895F9B513EE}.Debug|Any CPU.ActiveCfg = Debug|iPhoneSimulator
		{6EDC310A-8711-420D-9E10-6895F9B513EE}.Debug|Any CPU.Build.0 = Debug|iPhoneSimulator
		{6EDC310A-8711-420D-9E10-6895F9B513EE}.Debug|Any CPU.Deploy.0 = Debug|iPhoneSimulator
		{6EDC310A-8711-420D-9E10-6895F9B513EE}.Debug|ARM.ActiveCfg = Debug|iPhone
		{6EDC310A-8711-420D-9E10-6895F9B513EE}.Debug|ARM.Build.0 = Debug|iPhone
		{6EDC310A-8711-420D-9E10-6895F9B513EE}.Debug|ARM.Deploy.0 = Debug|iPhone
		{6EDC310A-8711-420D-9E10-6895F9B513EE}.Debug|iPhone.ActiveCfg = Debug|iPhone
		{6EDC310A-8711-420D-9E10-6895F9B513EE}.Debug|iPhone.Build.0 = Debug|iPhone
		{6EDC310A-8711-420D-9E10-6895F9B513EE}.Debug|iPhone.Deploy.0 = Debug|iPhone
		{6EDC310A-8711-420D-9E10-6895F9B513EE}.Debug|iPhoneSimulator.ActiveCfg = Debug|iPhoneSimulator
		{6EDC310A-8711-420D-9E10-6895F9B513EE}.Debug|iPhoneSimulator.Build.0 = Debug|iPhoneSimulator
		{6EDC310A-8711-420D-9E10-6895F9B513EE}.Debug|iPhoneSimulator.Deploy.0 = Debug|iPhoneSimulator
		{6EDC310A-8711-420D-9E10-6895F9B513EE}.Debug|x64.ActiveCfg = Debug|iPhoneSimulator
		{6EDC310A-8711-420D-9E10-6895F9B513EE}.Debug|x64.Build.0 = Debug|iPhoneSimulator
		{6EDC310A-8711-420D-9E10-6895F9B513EE}.Debug|x64.Deploy.0 = Debug|iPhoneSimulator
		{6EDC310A-8711-420D-9E10-6895F9B513EE}.Debug|x86.ActiveCfg = Debug|iPhoneSimulator
		{6EDC310A-8711-420D-9E10-6895F9B513EE}.Debug|x86.Build.0 = Debug|iPhoneSimulator
		{6EDC310A-8711-420D-9E10-6895F9B513EE}.Debug|x86.Deploy.0 = Debug|iPhoneSimulator
		{6EDC310A-8711-420D-9E10-6895F9B513EE}.Release|Any CPU.ActiveCfg = Release|iPhoneSimulator
		{6EDC310A-8711-420D-9E10-6895F9B513EE}.Release|Any CPU.Build.0 = Release|iPhoneSimulator
		{6EDC310A-8711-420D-9E10-6895F9B513EE}.Release|Any CPU.Deploy.0 = Release|iPhoneSimulator
		{6EDC310A-8711-420D-9E10-6895F9B513EE}.Release|ARM.ActiveCfg = Release|iPhoneSimulator
		{6EDC310A-8711-420D-9E10-6895F9B513EE}.Release|ARM.Build.0 = Release|iPhoneSimulator
		{6EDC310A-8711-420D-9E10-6895F9B513EE}.Release|ARM.Deploy.0 = Release|iPhoneSimulator
		{6EDC310A-8711-420D-9E10-6895F9B513EE}.Release|iPhone.ActiveCfg = Release|iPhone
		{6EDC310A-8711-420D-9E10-6895F9B513EE}.Release|iPhone.Build.0 = Release|iPhone
		{6EDC310A-8711-420D-9E10-6895F9B513EE}.Release|iPhone.Deploy.0 = Release|iPhone
		{6EDC310A-8711-420D-9E10-6895F9B513EE}.Release|iPhoneSimulator.ActiveCfg = Release|iPhoneSimulator
		{6EDC310A-8711-420D-9E10-6895F9B513EE}.Release|iPhoneSimulator.Build.0 = Release|iPhoneSimulator
		{6EDC310A-8711-420D-9E10-6895F9B513EE}.Release|iPhoneSimulator.Deploy.0 = Release|iPhoneSimulator
		{6EDC310A-8711-420D-9E10-6895F9B513EE}.Release|x64.ActiveCfg = Release|iPhoneSimulator
		{6EDC310A-8711-420D-9E10-6895F9B513EE}.Release|x64.Build.0 = Release|iPhoneSimulator
		{6EDC310A-8711-420D-9E10-6895F9B513EE}.Release|x64.Deploy.0 = Release|iPhoneSimulator
		{6EDC310A-8711-420D-9E10-6895F9B513EE}.Release|x86.ActiveCfg = Release|iPhoneSimulator
		{6EDC310A-8711-420D-9E10-6895F9B513EE}.Release|x86.Build.0 = Release|iPhoneSimulator
		{6EDC310A-8711-420D-9E10-6895F9B513EE}.Release|x86.Deploy.0 = Release|iPhoneSimulator
		{D7DE52D7-2773-409F-A1AB-7F0356E1EE91}.Debug|Any CPU.ActiveCfg = Debug|Any CPU
		{D7DE52D7-2773-409F-A1AB-7F0356E1EE91}.Debug|Any CPU.Build.0 = Debug|Any CPU
		{D7DE52D7-2773-409F-A1AB-7F0356E1EE91}.Debug|Any CPU.Deploy.0 = Debug|Any CPU
		{D7DE52D7-2773-409F-A1AB-7F0356E1EE91}.Debug|ARM.ActiveCfg = Debug|Any CPU
		{D7DE52D7-2773-409F-A1AB-7F0356E1EE91}.Debug|ARM.Build.0 = Debug|Any CPU
		{D7DE52D7-2773-409F-A1AB-7F0356E1EE91}.Debug|ARM.Deploy.0 = Debug|Any CPU
		{D7DE52D7-2773-409F-A1AB-7F0356E1EE91}.Debug|iPhone.ActiveCfg = Debug|Any CPU
		{D7DE52D7-2773-409F-A1AB-7F0356E1EE91}.Debug|iPhone.Build.0 = Debug|Any CPU
		{D7DE52D7-2773-409F-A1AB-7F0356E1EE91}.Debug|iPhone.Deploy.0 = Debug|Any CPU
		{D7DE52D7-2773-409F-A1AB-7F0356E1EE91}.Debug|iPhoneSimulator.ActiveCfg = Debug|Any CPU
		{D7DE52D7-2773-409F-A1AB-7F0356E1EE91}.Debug|iPhoneSimulator.Build.0 = Debug|Any CPU
		{D7DE52D7-2773-409F-A1AB-7F0356E1EE91}.Debug|iPhoneSimulator.Deploy.0 = Debug|Any CPU
		{D7DE52D7-2773-409F-A1AB-7F0356E1EE91}.Debug|x64.ActiveCfg = Debug|Any CPU
		{D7DE52D7-2773-409F-A1AB-7F0356E1EE91}.Debug|x64.Build.0 = Debug|Any CPU
		{D7DE52D7-2773-409F-A1AB-7F0356E1EE91}.Debug|x64.Deploy.0 = Debug|Any CPU
		{D7DE52D7-2773-409F-A1AB-7F0356E1EE91}.Debug|x86.ActiveCfg = Debug|Any CPU
		{D7DE52D7-2773-409F-A1AB-7F0356E1EE91}.Debug|x86.Build.0 = Debug|Any CPU
		{D7DE52D7-2773-409F-A1AB-7F0356E1EE91}.Debug|x86.Deploy.0 = Debug|Any CPU
		{D7DE52D7-2773-409F-A1AB-7F0356E1EE91}.Release|Any CPU.ActiveCfg = Release|Any CPU
		{D7DE52D7-2773-409F-A1AB-7F0356E1EE91}.Release|Any CPU.Build.0 = Release|Any CPU
		{D7DE52D7-2773-409F-A1AB-7F0356E1EE91}.Release|Any CPU.Deploy.0 = Release|Any CPU
		{D7DE52D7-2773-409F-A1AB-7F0356E1EE91}.Release|ARM.ActiveCfg = Release|Any CPU
		{D7DE52D7-2773-409F-A1AB-7F0356E1EE91}.Release|ARM.Build.0 = Release|Any CPU
		{D7DE52D7-2773-409F-A1AB-7F0356E1EE91}.Release|ARM.Deploy.0 = Release|Any CPU
		{D7DE52D7-2773-409F-A1AB-7F0356E1EE91}.Release|iPhone.ActiveCfg = Release|Any CPU
		{D7DE52D7-2773-409F-A1AB-7F0356E1EE91}.Release|iPhone.Build.0 = Release|Any CPU
		{D7DE52D7-2773-409F-A1AB-7F0356E1EE91}.Release|iPhone.Deploy.0 = Release|Any CPU
		{D7DE52D7-2773-409F-A1AB-7F0356E1EE91}.Release|iPhoneSimulator.ActiveCfg = Release|Any CPU
		{D7DE52D7-2773-409F-A1AB-7F0356E1EE91}.Release|iPhoneSimulator.Build.0 = Release|Any CPU
		{D7DE52D7-2773-409F-A1AB-7F0356E1EE91}.Release|iPhoneSimulator.Deploy.0 = Release|Any CPU
		{D7DE52D7-2773-409F-A1AB-7F0356E1EE91}.Release|x64.ActiveCfg = Release|Any CPU
		{D7DE52D7-2773-409F-A1AB-7F0356E1EE91}.Release|x64.Build.0 = Release|Any CPU
		{D7DE52D7-2773-409F-A1AB-7F0356E1EE91}.Release|x64.Deploy.0 = Release|Any CPU
		{D7DE52D7-2773-409F-A1AB-7F0356E1EE91}.Release|x86.ActiveCfg = Release|Any CPU
		{D7DE52D7-2773-409F-A1AB-7F0356E1EE91}.Release|x86.Build.0 = Release|Any CPU
		{D7DE52D7-2773-409F-A1AB-7F0356E1EE91}.Release|x86.Deploy.0 = Release|Any CPU
	EndGlobalSection
	GlobalSection(SolutionProperties) = preSolution
		HideSolutionNode = FALSE
	EndGlobalSection
	GlobalSection(ExtensibilityGlobals) = postSolution
		SolutionGuid = {9F60D1D4-4A5D-4111-8C37-FDE398FB94AE}
	EndGlobalSection
EndGlobal
